
Microsoft Visual Studio Solution File, Format Version 12.00
# Visual Studio Version 16
VisualStudioVersion = 16.0.32929.386
MinimumVisualStudioVersion = 10.0.40219.1
Project("{FAE04EC0-301F-11D3-BF4B-00C04F79EFBC}") = "Calculator__doAn", "Calculator__doAn\Calculator__doAn.csproj", "{CC8C917B-85FC-4EDD-A44E-BE9C920E05BE}"
EndProject
Global
	GlobalSection(SolutionConfigurationPlatforms) = preSolution
		Debug|Any CPU = Debug|Any CPU
		Release|Any CPU = Release|Any CPU
	EndGlobalSection
	GlobalSection(ProjectConfigurationPlatforms) = postSolution
		{CC8C917B-85FC-4EDD-A44E-BE9C920E05BE}.Debug|Any CPU.ActiveCfg = Debug|Any CPU
		{CC8C917B-85FC-4EDD-A44E-BE9C920E05BE}.Debug|Any CPU.Build.0 = Debug|Any CPU
		{CC8C917B-85FC-4EDD-A44E-BE9C920E05BE}.Release|Any CPU.ActiveCfg = Release|Any CPU
		{CC8C917B-85FC-4EDD-A44E-BE9C920E05BE}.Release|Any CPU.Build.0 = Release|Any CPU
	EndGlobalSection
	GlobalSection(SolutionProperties) = preSolution
		HideSolutionNode = FALSE
	EndGlobalSection
	GlobalSection(ExtensibilityGlobals) = postSolution
		SolutionGuid = {BD7CBC8B-40D7-4216-9041-1E44A197AE32}
	EndGlobalSection
EndGlobal
